// !$*UTF8*$!
{
	archiveVersion = 1;
	classes = {
	};
	objectVersion = 56;
	objects = {

/* Begin PBXBuildFile section */
		9128D6572AFF34110006FB22 /* ai_parentApp.swift in Sources */ = {isa = PBXBuildFile; fileRef = 9128D6562AFF34110006FB22 /* ai_parentApp.swift */; };
		9128D6592AFF34110006FB22 /* ContentView.swift in Sources */ = {isa = PBXBuildFile; fileRef = 9128D6582AFF34110006FB22 /* ContentView.swift */; };
		9128D65B2AFF34130006FB22 /* Assets.xcassets in Resources */ = {isa = PBXBuildFile; fileRef = 9128D65A2AFF34130006FB22 /* Assets.xcassets */; };
		9128D65E2AFF34130006FB22 /* Preview Assets.xcassets in Resources */ = {isa = PBXBuildFile; fileRef = 9128D65D2AFF34130006FB22 /* Preview Assets.xcassets */; };
		9128D6602AFF34130006FB22 /* Persistence.swift in Sources */ = {isa = PBXBuildFile; fileRef = 9128D65F2AFF34130006FB22 /* Persistence.swift */; };
		9128D6632AFF34130006FB22 /* ai_parent.xcdatamodeld in Sources */ = {isa = PBXBuildFile; fileRef = 9128D6612AFF34130006FB22 /* ai_parent.xcdatamodeld */; };
		9128D66D2AFF34140006FB22 /* ai_parentTests.swift in Sources */ = {isa = PBXBuildFile; fileRef = 9128D66C2AFF34140006FB22 /* ai_parentTests.swift */; };
		9128D6772AFF34140006FB22 /* ai_parentUITests.swift in Sources */ = {isa = PBXBuildFile; fileRef = 9128D6762AFF34140006FB22 /* ai_parentUITests.swift */; };
		9128D6792AFF34140006FB22 /* ai_parentUITestsLaunchTests.swift in Sources */ = {isa = PBXBuildFile; fileRef = 9128D6782AFF34140006FB22 /* ai_parentUITestsLaunchTests.swift */; };
		9128D6862AFF37E10006FB22 /* GuidanceHomeView.swift in Sources */ = {isa = PBXBuildFile; fileRef = 9128D6852AFF37E10006FB22 /* GuidanceHomeView.swift */; };
		9128D68F2AFF3D550006FB22 /* GuidanceViewModel.swift in Sources */ = {isa = PBXBuildFile; fileRef = 9128D68E2AFF3D550006FB22 /* GuidanceViewModel.swift */; };
		9128D6912AFF3DAA0006FB22 /* GuidanceModel.swift in Sources */ = {isa = PBXBuildFile; fileRef = 9128D6902AFF3DAA0006FB22 /* GuidanceModel.swift */; };
		917E26512AFF626A003900F1 /* LoginView.swift in Sources */ = {isa = PBXBuildFile; fileRef = 917E26502AFF626A003900F1 /* LoginView.swift */; };
		917E26532AFF628E003900F1 /* LoginViewModel.swift in Sources */ = {isa = PBXBuildFile; fileRef = 917E26522AFF628E003900F1 /* LoginViewModel.swift */; };
/* End PBXBuildFile section */

/* Begin PBXContainerItemProxy section */
		9128D6692AFF34140006FB22 /* PBXContainerItemProxy */ = {
			isa = PBXContainerItemProxy;
			containerPortal = 9128D64B2AFF34110006FB22 /* Project object */;
			proxyType = 1;
			remoteGlobalIDString = 9128D6522AFF34110006FB22;
			remoteInfo = ai_parent;
		};
		9128D6732AFF34140006FB22 /* PBXContainerItemProxy */ = {
			isa = PBXContainerItemProxy;
			containerPortal = 9128D64B2AFF34110006FB22 /* Project object */;
			proxyType = 1;
			remoteGlobalIDString = 9128D6522AFF34110006FB22;
			remoteInfo = ai_parent;
		};
/* End PBXContainerItemProxy section */

/* Begin PBXFileReference section */
		9128D6532AFF34110006FB22 /* ai_parent.app */ = {isa = PBXFileReference; explicitFileType = wrapper.application; includeInIndex = 0; path = ai_parent.app; sourceTree = BUILT_PRODUCTS_DIR; };
		9128D6562AFF34110006FB22 /* ai_parentApp.swift */ = {isa = PBXFileReference; lastKnownFileType = sourcecode.swift; path = ai_parentApp.swift; sourceTree = "<group>"; };
		9128D6582AFF34110006FB22 /* ContentView.swift */ = {isa = PBXFileReference; lastKnownFileType = sourcecode.swift; path = ContentView.swift; sourceTree = "<group>"; };
		9128D65A2AFF34130006FB22 /* Assets.xcassets */ = {isa = PBXFileReference; lastKnownFileType = folder.assetcatalog; path = Assets.xcassets; sourceTree = "<group>"; };
		9128D65D2AFF34130006FB22 /* Preview Assets.xcassets */ = {isa = PBXFileReference; lastKnownFileType = folder.assetcatalog; path = "Preview Assets.xcassets"; sourceTree = "<group>"; };
		9128D65F2AFF34130006FB22 /* Persistence.swift */ = {isa = PBXFileReference; lastKnownFileType = sourcecode.swift; path = Persistence.swift; sourceTree = "<group>"; };
		9128D6622AFF34130006FB22 /* ai_parent.xcdatamodel */ = {isa = PBXFileReference; lastKnownFileType = wrapper.xcdatamodel; path = ai_parent.xcdatamodel; sourceTree = "<group>"; };
		9128D6682AFF34140006FB22 /* ai_parentTests.xctest */ = {isa = PBXFileReference; explicitFileType = wrapper.cfbundle; includeInIndex = 0; path = ai_parentTests.xctest; sourceTree = BUILT_PRODUCTS_DIR; };
		9128D66C2AFF34140006FB22 /* ai_parentTests.swift */ = {isa = PBXFileReference; lastKnownFileType = sourcecode.swift; path = ai_parentTests.swift; sourceTree = "<group>"; };
		9128D6722AFF34140006FB22 /* ai_parentUITests.xctest */ = {isa = PBXFileReference; explicitFileType = wrapper.cfbundle; includeInIndex = 0; path = ai_parentUITests.xctest; sourceTree = BUILT_PRODUCTS_DIR; };
		9128D6762AFF34140006FB22 /* ai_parentUITests.swift */ = {isa = PBXFileReference; lastKnownFileType = sourcecode.swift; path = ai_parentUITests.swift; sourceTree = "<group>"; };
		9128D6782AFF34140006FB22 /* ai_parentUITestsLaunchTests.swift */ = {isa = PBXFileReference; lastKnownFileType = sourcecode.swift; path = ai_parentUITestsLaunchTests.swift; sourceTree = "<group>"; };
		9128D6852AFF37E10006FB22 /* GuidanceHomeView.swift */ = {isa = PBXFileReference; lastKnownFileType = sourcecode.swift; path = GuidanceHomeView.swift; sourceTree = "<group>"; };
		9128D68E2AFF3D550006FB22 /* GuidanceViewModel.swift */ = {isa = PBXFileReference; lastKnownFileType = sourcecode.swift; path = GuidanceViewModel.swift; sourceTree = "<group>"; };
		9128D6902AFF3DAA0006FB22 /* GuidanceModel.swift */ = {isa = PBXFileReference; lastKnownFileType = sourcecode.swift; path = GuidanceModel.swift; sourceTree = "<group>"; };
		917E26502AFF626A003900F1 /* LoginView.swift */ = {isa = PBXFileReference; lastKnownFileType = sourcecode.swift; path = LoginView.swift; sourceTree = "<group>"; };
		917E26522AFF628E003900F1 /* LoginViewModel.swift */ = {isa = PBXFileReference; lastKnownFileType = sourcecode.swift; path = LoginViewModel.swift; sourceTree = "<group>"; };
/* End PBXFileReference section */

/* Begin PBXFrameworksBuildPhase section */
		9128D6502AFF34110006FB22 /* Frameworks */ = {
			isa = PBXFrameworksBuildPhase;
			buildActionMask = 2147483647;
			files = (
			);
			runOnlyForDeploymentPostprocessing = 0;
		};
		9128D6652AFF34140006FB22 /* Frameworks */ = {
			isa = PBXFrameworksBuildPhase;
			buildActionMask = 2147483647;
			files = (
			);
			runOnlyForDeploymentPostprocessing = 0;
		};
		9128D66F2AFF34140006FB22 /* Frameworks */ = {
			isa = PBXFrameworksBuildPhase;
			buildActionMask = 2147483647;
			files = (
			);
			runOnlyForDeploymentPostprocessing = 0;
		};
/* End PBXFrameworksBuildPhase section */

/* Begin PBXGroup section */
		9128D64A2AFF34110006FB22 = {
			isa = PBXGroup;
			children = (
				9128D6552AFF34110006FB22 /* ai_parent */,
				9128D66B2AFF34140006FB22 /* ai_parentTests */,
				9128D6752AFF34140006FB22 /* ai_parentUITests */,
				9128D6542AFF34110006FB22 /* Products */,
			);
			sourceTree = "<group>";
		};
		9128D6542AFF34110006FB22 /* Products */ = {
			isa = PBXGroup;
			children = (
				9128D6532AFF34110006FB22 /* ai_parent.app */,
				9128D6682AFF34140006FB22 /* ai_parentTests.xctest */,
				9128D6722AFF34140006FB22 /* ai_parentUITests.xctest */,
			);
			name = Products;
			sourceTree = "<group>";
		};
		9128D6552AFF34110006FB22 /* ai_parent */ = {
			isa = PBXGroup;
			children = (
				9128D6562AFF34110006FB22 /* ai_parentApp.swift */,
				9128D68B2AFF3CCD0006FB22 /* Model */,
				9128D68D2AFF3D340006FB22 /* ViewModel */,
				9128D6892AFF38460006FB22 /* Views */,
				9128D65A2AFF34130006FB22 /* Assets.xcassets */,
				9128D65F2AFF34130006FB22 /* Persistence.swift */,
				9128D6612AFF34130006FB22 /* ai_parent.xcdatamodeld */,
				9128D65C2AFF34130006FB22 /* Preview Content */,
			);
			path = ai_parent;
			sourceTree = "<group>";
		};
		9128D65C2AFF34130006FB22 /* Preview Content */ = {
			isa = PBXGroup;
			children = (
				9128D65D2AFF34130006FB22 /* Preview Assets.xcassets */,
			);
			path = "Preview Content";
			sourceTree = "<group>";
		};
		9128D66B2AFF34140006FB22 /* ai_parentTests */ = {
			isa = PBXGroup;
			children = (
				9128D66C2AFF34140006FB22 /* ai_parentTests.swift */,
			);
			path = ai_parentTests;
			sourceTree = "<group>";
		};
		9128D6752AFF34140006FB22 /* ai_parentUITests */ = {
			isa = PBXGroup;
			children = (
				9128D6762AFF34140006FB22 /* ai_parentUITests.swift */,
				9128D6782AFF34140006FB22 /* ai_parentUITestsLaunchTests.swift */,
			);
			path = ai_parentUITests;
			sourceTree = "<group>";
		};
		9128D6892AFF38460006FB22 /* Views */ = {
			isa = PBXGroup;
			children = (
				9128D6852AFF37E10006FB22 /* GuidanceHomeView.swift */,
				917E26502AFF626A003900F1 /* LoginView.swift */,
				9128D6582AFF34110006FB22 /* ContentView.swift */,
			);
			name = Views;
			sourceTree = "<group>";
		};
		9128D68B2AFF3CCD0006FB22 /* Model */ = {
			isa = PBXGroup;
			children = (
				9128D6902AFF3DAA0006FB22 /* GuidanceModel.swift */,
			);
			name = Model;
			sourceTree = "<group>";
		};
		9128D68D2AFF3D340006FB22 /* ViewModel */ = {
			isa = PBXGroup;
			children = (
				9128D68E2AFF3D550006FB22 /* GuidanceViewModel.swift */,
				917E26522AFF628E003900F1 /* LoginViewModel.swift */,
			);
			name = ViewModel;
			sourceTree = "<group>";
		};
/* End PBXGroup section */

/* Begin PBXNativeTarget section */
		9128D6522AFF34110006FB22 /* ai_parent */ = {
			isa = PBXNativeTarget;
			buildConfigurationList = 9128D67C2AFF34140006FB22 /* Build configuration list for PBXNativeTarget "ai_parent" */;
			buildPhases = (
				9128D64F2AFF34110006FB22 /* Sources */,
				9128D6502AFF34110006FB22 /* Frameworks */,
				9128D6512AFF34110006FB22 /* Resources */,
			);
			buildRules = (
			);
			dependencies = (
			);
			name = ai_parent;
			productName = ai_parent;
			productReference = 9128D6532AFF34110006FB22 /* ai_parent.app */;
			productType = "com.apple.product-type.application";
		};
		9128D6672AFF34140006FB22 /* ai_parentTests */ = {
			isa = PBXNativeTarget;
			buildConfigurationList = 9128D67F2AFF34140006FB22 /* Build configuration list for PBXNativeTarget "ai_parentTests" */;
			buildPhases = (
				9128D6642AFF34140006FB22 /* Sources */,
				9128D6652AFF34140006FB22 /* Frameworks */,
				9128D6662AFF34140006FB22 /* Resources */,
			);
			buildRules = (
			);
			dependencies = (
				9128D66A2AFF34140006FB22 /* PBXTargetDependency */,
			);
			name = ai_parentTests;
			productName = ai_parentTests;
			productReference = 9128D6682AFF34140006FB22 /* ai_parentTests.xctest */;
			productType = "com.apple.product-type.bundle.unit-test";
		};
		9128D6712AFF34140006FB22 /* ai_parentUITests */ = {
			isa = PBXNativeTarget;
			buildConfigurationList = 9128D6822AFF34140006FB22 /* Build configuration list for PBXNativeTarget "ai_parentUITests" */;
			buildPhases = (
				9128D66E2AFF34140006FB22 /* Sources */,
				9128D66F2AFF34140006FB22 /* Frameworks */,
				9128D6702AFF34140006FB22 /* Resources */,
			);
			buildRules = (
			);
			dependencies = (
				9128D6742AFF34140006FB22 /* PBXTargetDependency */,
			);
			name = ai_parentUITests;
			productName = ai_parentUITests;
			productReference = 9128D6722AFF34140006FB22 /* ai_parentUITests.xctest */;
			productType = "com.apple.product-type.bundle.ui-testing";
		};
/* End PBXNativeTarget section */

/* Begin PBXProject section */
		9128D64B2AFF34110006FB22 /* Project object */ = {
			isa = PBXProject;
			attributes = {
				BuildIndependentTargetsInParallel = 1;
				LastSwiftUpdateCheck = 1500;
				LastUpgradeCheck = 1500;
				TargetAttributes = {
					9128D6522AFF34110006FB22 = {
						CreatedOnToolsVersion = 15.0.1;
					};
					9128D6672AFF34140006FB22 = {
						CreatedOnToolsVersion = 15.0.1;
						TestTargetID = 9128D6522AFF34110006FB22;
					};
					9128D6712AFF34140006FB22 = {
						CreatedOnToolsVersion = 15.0.1;
						TestTargetID = 9128D6522AFF34110006FB22;
					};
				};
			};
			buildConfigurationList = 9128D64E2AFF34110006FB22 /* Build configuration list for PBXProject "ai_parent" */;
			compatibilityVersion = "Xcode 14.0";
			developmentRegion = en;
			hasScannedForEncodings = 0;
			knownRegions = (
				en,
				Base,
			);
			mainGroup = 9128D64A2AFF34110006FB22;
			productRefGroup = 9128D6542AFF34110006FB22 /* Products */;
			projectDirPath = "";
			projectRoot = "";
			targets = (
				9128D6522AFF34110006FB22 /* ai_parent */,
				9128D6672AFF34140006FB22 /* ai_parentTests */,
				9128D6712AFF34140006FB22 /* ai_parentUITests */,
			);
		};
/* End PBXProject section */

/* Begin PBXResourcesBuildPhase section */
		9128D6512AFF34110006FB22 /* Resources */ = {
			isa = PBXResourcesBuildPhase;
			buildActionMask = 2147483647;
			files = (
				9128D65E2AFF34130006FB22 /* Preview Assets.xcassets in Resources */,
				9128D65B2AFF34130006FB22 /* Assets.xcassets in Resources */,
			);
			runOnlyForDeploymentPostprocessing = 0;
		};
		9128D6662AFF34140006FB22 /* Resources */ = {
			isa = PBXResourcesBuildPhase;
			buildActionMask = 2147483647;
			files = (
			);
			runOnlyForDeploymentPostprocessing = 0;
		};
		9128D6702AFF34140006FB22 /* Resources */ = {
			isa = PBXResourcesBuildPhase;
			buildActionMask = 2147483647;
			files = (
			);
			runOnlyForDeploymentPostprocessing = 0;
		};
/* End PBXResourcesBuildPhase section */

/* Begin PBXSourcesBuildPhase section */
		9128D64F2AFF34110006FB22 /* Sources */ = {
			isa = PBXSourcesBuildPhase;
			buildActionMask = 2147483647;
			files = (
				9128D6602AFF34130006FB22 /* Persistence.swift in Sources */,
				9128D6632AFF34130006FB22 /* ai_parent.xcdatamodeld in Sources */,
				9128D68F2AFF3D550006FB22 /* GuidanceViewModel.swift in Sources */,
				9128D6592AFF34110006FB22 /* ContentView.swift in Sources */,
				9128D6572AFF34110006FB22 /* ai_parentApp.swift in Sources */,
				9128D6912AFF3DAA0006FB22 /* GuidanceModel.swift in Sources */,
				917E26512AFF626A003900F1 /* LoginView.swift in Sources */,
				9128D6862AFF37E10006FB22 /* GuidanceHomeView.swift in Sources */,
				917E26532AFF628E003900F1 /* LoginViewModel.swift in Sources */,
			);
			runOnlyForDeploymentPostprocessing = 0;
		};
		9128D6642AFF34140006FB22 /* Sources */ = {
			isa = PBXSourcesBuildPhase;
			buildActionMask = 2147483647;
			files = (
				9128D66D2AFF34140006FB22 /* ai_parentTests.swift in Sources */,
			);
			runOnlyForDeploymentPostprocessing = 0;
		};
		9128D66E2AFF34140006FB22 /* Sources */ = {
			isa = PBXSourcesBuildPhase;
			buildActionMask = 2147483647;
			files = (
				9128D6792AFF34140006FB22 /* ai_parentUITestsLaunchTests.swift in Sources */,
				9128D6772AFF34140006FB22 /* ai_parentUITests.swift in Sources */,
			);
			runOnlyForDeploymentPostprocessing = 0;
		};
/* End PBXSourcesBuildPhase section */

/* Begin PBXTargetDependency section */
		9128D66A2AFF34140006FB22 /* PBXTargetDependency */ = {
			isa = PBXTargetDependency;
			target = 9128D6522AFF34110006FB22 /* ai_parent */;
			targetProxy = 9128D6692AFF34140006FB22 /* PBXContainerItemProxy */;
		};
		9128D6742AFF34140006FB22 /* PBXTargetDependency */ = {
			isa = PBXTargetDependency;
			target = 9128D6522AFF34110006FB22 /* ai_parent */;
			targetProxy = 9128D6732AFF34140006FB22 /* PBXContainerItemProxy */;
		};
/* End PBXTargetDependency section */

/* Begin XCBuildConfiguration section */
		9128D67A2AFF34140006FB22 /* Debug */ = {
			isa = XCBuildConfiguration;
			buildSettings = {
				ALWAYS_SEARCH_USER_PATHS = NO;
				ASSETCATALOG_COMPILER_GENERATE_SWIFT_ASSET_SYMBOL_EXTENSIONS = YES;
				CLANG_ANALYZER_NONNULL = YES;
				CLANG_ANALYZER_NUMBER_OBJECT_CONVERSION = YES_AGGRESSIVE;
				CLANG_CXX_LANGUAGE_STANDARD = "gnu++20";
				CLANG_ENABLE_MODULES = YES;
				CLANG_ENABLE_OBJC_ARC = YES;
				CLANG_ENABLE_OBJC_WEAK = YES;
				CLANG_WARN_BLOCK_CAPTURE_AUTORELEASING = YES;
				CLANG_WARN_BOOL_CONVERSION = YES;
				CLANG_WARN_COMMA = YES;
				CLANG_WARN_CONSTANT_CONVERSION = YES;
				CLANG_WARN_DEPRECATED_OBJC_IMPLEMENTATIONS = YES;
				CLANG_WARN_DIRECT_OBJC_ISA_USAGE = YES_ERROR;
				CLANG_WARN_DOCUMENTATION_COMMENTS = YES;
				CLANG_WARN_EMPTY_BODY = YES;
				CLANG_WARN_ENUM_CONVERSION = YES;
				CLANG_WARN_INFINITE_RECURSION = YES;
				CLANG_WARN_INT_CONVERSION = YES;
				CLANG_WARN_NON_LITERAL_NULL_CONVERSION = YES;
				CLANG_WARN_OBJC_IMPLICIT_RETAIN_SELF = YES;
				CLANG_WARN_OBJC_LITERAL_CONVERSION = YES;
				CLANG_WARN_OBJC_ROOT_CLASS = YES_ERROR;
				CLANG_WARN_QUOTED_INCLUDE_IN_FRAMEWORK_HEADER = YES;
				CLANG_WARN_RANGE_LOOP_ANALYSIS = YES;
				CLANG_WARN_STRICT_PROTOTYPES = YES;
				CLANG_WARN_SUSPICIOUS_MOVE = YES;
				CLANG_WARN_UNGUARDED_AVAILABILITY = YES_AGGRESSIVE;
				CLANG_WARN_UNREACHABLE_CODE = YES;
				CLANG_WARN__DUPLICATE_METHOD_MATCH = YES;
				COPY_PHASE_STRIP = NO;
				DEBUG_INFORMATION_FORMAT = dwarf;
				ENABLE_STRICT_OBJC_MSGSEND = YES;
				ENABLE_TESTABILITY = YES;
				ENABLE_USER_SCRIPT_SANDBOXING = YES;
				GCC_C_LANGUAGE_STANDARD = gnu17;
				GCC_DYNAMIC_NO_PIC = NO;
				GCC_NO_COMMON_BLOCKS = YES;
				GCC_OPTIMIZATION_LEVEL = 0;
				GCC_PREPROCESSOR_DEFINITIONS = (
					"DEBUG=1",
					"$(inherited)",
				);
				GCC_WARN_64_TO_32_BIT_CONVERSION = YES;
				GCC_WARN_ABOUT_RETURN_TYPE = YES_ERROR;
				GCC_WARN_UNDECLARED_SELECTOR = YES;
				GCC_WARN_UNINITIALIZED_AUTOS = YES_AGGRESSIVE;
				GCC_WARN_UNUSED_FUNCTION = YES;
				GCC_WARN_UNUSED_VARIABLE = YES;
				IPHONEOS_DEPLOYMENT_TARGET = 17.0;
				LOCALIZATION_PREFERS_STRING_CATALOGS = YES;
				MTL_ENABLE_DEBUG_INFO = INCLUDE_SOURCE;
				MTL_FAST_MATH = YES;
				ONLY_ACTIVE_ARCH = YES;
				SDKROOT = iphoneos;
				SWIFT_ACTIVE_COMPILATION_CONDITIONS = "DEBUG $(inherited)";
				SWIFT_OPTIMIZATION_LEVEL = "-Onone";
			};
			name = Debug;
		};
		9128D67B2AFF34140006FB22 /* Release */ = {
			isa = XCBuildConfiguration;
			buildSettings = {
				ALWAYS_SEARCH_USER_PATHS = NO;
				ASSETCATALOG_COMPILER_GENERATE_SWIFT_ASSET_SYMBOL_EXTENSIONS = YES;
				CLANG_ANALYZER_NONNULL = YES;
				CLANG_ANALYZER_NUMBER_OBJECT_CONVERSION = YES_AGGRESSIVE;
				CLANG_CXX_LANGUAGE_STANDARD = "gnu++20";
				CLANG_ENABLE_MODULES = YES;
				CLANG_ENABLE_OBJC_ARC = YES;
				CLANG_ENABLE_OBJC_WEAK = YES;
				CLANG_WARN_BLOCK_CAPTURE_AUTORELEASING = YES;
				CLANG_WARN_BOOL_CONVERSION = YES;
				CLANG_WARN_COMMA = YES;
				CLANG_WARN_CONSTANT_CONVERSION = YES;
				CLANG_WARN_DEPRECATED_OBJC_IMPLEMENTATIONS = YES;
				CLANG_WARN_DIRECT_OBJC_ISA_USAGE = YES_ERROR;
				CLANG_WARN_DOCUMENTATION_COMMENTS = YES;
				CLANG_WARN_EMPTY_BODY = YES;
				CLANG_WARN_ENUM_CONVERSION = YES;
				CLANG_WARN_INFINITE_RECURSION = YES;
				CLANG_WARN_INT_CONVERSION = YES;
				CLANG_WARN_NON_LITERAL_NULL_CONVERSION = YES;
				CLANG_WARN_OBJC_IMPLICIT_RETAIN_SELF = YES;
				CLANG_WARN_OBJC_LITERAL_CONVERSION = YES;
				CLANG_WARN_OBJC_ROOT_CLASS = YES_ERROR;
				CLANG_WARN_QUOTED_INCLUDE_IN_FRAMEWORK_HEADER = YES;
				CLANG_WARN_RANGE_LOOP_ANALYSIS = YES;
				CLANG_WARN_STRICT_PROTOTYPES = YES;
				CLANG_WARN_SUSPICIOUS_MOVE = YES;
				CLANG_WARN_UNGUARDED_AVAILABILITY = YES_AGGRESSIVE;
				CLANG_WARN_UNREACHABLE_CODE = YES;
				CLANG_WARN__DUPLICATE_METHOD_MATCH = YES;
				COPY_PHASE_STRIP = NO;
				DEBUG_INFORMATION_FORMAT = "dwarf-with-dsym";
				ENABLE_NS_ASSERTIONS = NO;
				ENABLE_STRICT_OBJC_MSGSEND = YES;
				ENABLE_USER_SCRIPT_SANDBOXING = YES;
				GCC_C_LANGUAGE_STANDARD = gnu17;
				GCC_NO_COMMON_BLOCKS = YES;
				GCC_WARN_64_TO_32_BIT_CONVERSION = YES;
				GCC_WARN_ABOUT_RETURN_TYPE = YES_ERROR;
				GCC_WARN_UNDECLARED_SELECTOR = YES;
				GCC_WARN_UNINITIALIZED_AUTOS = YES_AGGRESSIVE;
				GCC_WARN_UNUSED_FUNCTION = YES;
				GCC_WARN_UNUSED_VARIABLE = YES;
				IPHONEOS_DEPLOYMENT_TARGET = 17.0;
				LOCALIZATION_PREFERS_STRING_CATALOGS = YES;
				MTL_ENABLE_DEBUG_INFO = NO;
				MTL_FAST_MATH = YES;
				SDKROOT = iphoneos;
				SWIFT_COMPILATION_MODE = wholemodule;
				VALIDATE_PRODUCT = YES;
			};
			name = Release;
		};
		9128D67D2AFF34140006FB22 /* Debug */ = {
			isa = XCBuildConfiguration;
			buildSettings = {
				ASSETCATALOG_COMPILER_APPICON_NAME = AppIcon;
				ASSETCATALOG_COMPILER_GLOBAL_ACCENT_COLOR_NAME = AccentColor;
				CODE_SIGN_STYLE = Automatic;
				CURRENT_PROJECT_VERSION = 1;
				DEVELOPMENT_ASSET_PATHS = "\"ai_parent/Preview Content\"";
				DEVELOPMENT_TEAM = A26R2TGLCH;
				ENABLE_PREVIEWS = YES;
				GENERATE_INFOPLIST_FILE = YES;
				INFOPLIST_KEY_UIApplicationSceneManifest_Generation = YES;
				INFOPLIST_KEY_UIApplicationSupportsIndirectInputEvents = YES;
				INFOPLIST_KEY_UILaunchScreen_Generation = YES;
				INFOPLIST_KEY_UISupportedInterfaceOrientations_iPad = "UIInterfaceOrientationPortrait UIInterfaceOrientationPortraitUpsideDown UIInterfaceOrientationLandscapeLeft UIInterfaceOrientationLandscapeRight";
				INFOPLIST_KEY_UISupportedInterfaceOrientations_iPhone = "UIInterfaceOrientationPortrait UIInterfaceOrientationLandscapeLeft UIInterfaceOrientationLandscapeRight";
				LD_RUNPATH_SEARCH_PATHS = (
					"$(inherited)",
					"@executable_path/Frameworks",
				);
				MARKETING_VERSION = 1.0;
				PRODUCT_BUNDLE_IDENTIFIER = "com.adolfocalderon.ai-parent";
				PRODUCT_NAME = "$(TARGET_NAME)";
				SWIFT_EMIT_LOC_STRINGS = YES;
				SWIFT_VERSION = 5.0;
				TARGETED_DEVICE_FAMILY = "1,2";
			};
			name = Debug;
		};
		9128D67E2AFF34140006FB22 /* Release */ = {
			isa = XCBuildConfiguration;
			buildSettings = {
				ASSETCATALOG_COMPILER_APPICON_NAME = AppIcon;
				ASSETCATALOG_COMPILER_GLOBAL_ACCENT_COLOR_NAME = AccentColor;
				CODE_SIGN_STYLE = Automatic;
				CURRENT_PROJECT_VERSION = 1;
				DEVELOPMENT_ASSET_PATHS = "\"ai_parent/Preview Content\"";
				DEVELOPMENT_TEAM = A26R2TGLCH;
				ENABLE_PREVIEWS = YES;
				GENERATE_INFOPLIST_FILE = YES;
				INFOPLIST_KEY_UIApplicationSceneManifest_Generation = YES;
				INFOPLIST_KEY_UIApplicationSupportsIndirectInputEvents = YES;
				INFOPLIST_KEY_UILaunchScreen_Generation = YES;
				INFOPLIST_KEY_UISupportedInterfaceOrientations_iPad = "UIInterfaceOrientationPortrait UIInterfaceOrientationPortraitUpsideDown UIInterfaceOrientationLandscapeLeft UIInterfaceOrientationLandscapeRight";
				INFOPLIST_KEY_UISupportedInterfaceOrientations_iPhone = "UIInterfaceOrientationPortrait UIInterfaceOrientationLandscapeLeft UIInterfaceOrientationLandscapeRight";
				LD_RUNPATH_SEARCH_PATHS = (
					"$(inherited)",
					"@executable_path/Frameworks",
				);
				MARKETING_VERSION = 1.0;
				PRODUCT_BUNDLE_IDENTIFIER = "com.adolfocalderon.ai-parent";
				PRODUCT_NAME = "$(TARGET_NAME)";
				SWIFT_EMIT_LOC_STRINGS = YES;
				SWIFT_VERSION = 5.0;
				TARGETED_DEVICE_FAMILY = "1,2";
			};
			name = Release;
		};
		9128D6802AFF34140006FB22 /* Debug */ = {
			isa = XCBuildConfiguration;
			buildSettings = {
				ALWAYS_EMBED_SWIFT_STANDARD_LIBRARIES = YES;
				BUNDLE_LOADER = "$(TEST_HOST)";
				CODE_SIGN_STYLE = Automatic;
				CURRENT_PROJECT_VERSION = 1;
				DEVELOPMENT_TEAM = A26R2TGLCH;
				GENERATE_INFOPLIST_FILE = YES;
				IPHONEOS_DEPLOYMENT_TARGET = 17.0;
				MARKETING_VERSION = 1.0;
				PRODUCT_BUNDLE_IDENTIFIER = "com.adolfocalderon.ai-parentTests";
				PRODUCT_NAME = "$(TARGET_NAME)";
				SWIFT_EMIT_LOC_STRINGS = NO;
				SWIFT_VERSION = 5.0;
				TARGETED_DEVICE_FAMILY = "1,2";
				TEST_HOST = "$(BUILT_PRODUCTS_DIR)/ai_parent.app/$(BUNDLE_EXECUTABLE_FOLDER_PATH)/ai_parent";
			};
			name = Debug;
		};
		9128D6812AFF34140006FB22 /* Release */ = {
			isa = XCBuildConfiguration;
			buildSettings = {
				ALWAYS_EMBED_SWIFT_STANDARD_LIBRARIES = YES;
				BUNDLE_LOADER = "$(TEST_HOST)";
				CODE_SIGN_STYLE = Automatic;
				CURRENT_PROJECT_VERSION = 1;
				DEVELOPMENT_TEAM = A26R2TGLCH;
				GENERATE_INFOPLIST_FILE = YES;
				IPHONEOS_DEPLOYMENT_TARGET = 17.0;
				MARKETING_VERSION = 1.0;
				PRODUCT_BUNDLE_IDENTIFIER = "com.adolfocalderon.ai-parentTests";
				PRODUCT_NAME = "$(TARGET_NAME)";
				SWIFT_EMIT_LOC_STRINGS = NO;
				SWIFT_VERSION = 5.0;
				TARGETED_DEVICE_FAMILY = "1,2";
				TEST_HOST = "$(BUILT_PRODUCTS_DIR)/ai_parent.app/$(BUNDLE_EXECUTABLE_FOLDER_PATH)/ai_parent";
			};
			name = Release;
		};
		9128D6832AFF34140006FB22 /* Debug */ = {
			isa = XCBuildConfiguration;
			buildSettings = {
				ALWAYS_EMBED_SWIFT_STANDARD_LIBRARIES = YES;
				CODE_SIGN_STYLE = Automatic;
				CURRENT_PROJECT_VERSION = 1;
				DEVELOPMENT_TEAM = A26R2TGLCH;
				GENERATE_INFOPLIST_FILE = YES;
				MARKETING_VERSION = 1.0;
				PRODUCT_BUNDLE_IDENTIFIER = "com.adolfocalderon.ai-parentUITests";
				PRODUCT_NAME = "$(TARGET_NAME)";
				SWIFT_EMIT_LOC_STRINGS = NO;
				SWIFT_VERSION = 5.0;
				TARGETED_DEVICE_FAMILY = "1,2";
				TEST_TARGET_NAME = ai_parent;
			};
			name = Debug;
		};
		9128D6842AFF34140006FB22 /* Release */ = {
			isa = XCBuildConfiguration;
			buildSettings = {
				ALWAYS_EMBED_SWIFT_STANDARD_LIBRARIES = YES;
				CODE_SIGN_STYLE = Automatic;
				CURRENT_PROJECT_VERSION = 1;
				DEVELOPMENT_TEAM = A26R2TGLCH;
				GENERATE_INFOPLIST_FILE = YES;
				MARKETING_VERSION = 1.0;
				PRODUCT_BUNDLE_IDENTIFIER = "com.adolfocalderon.ai-parentUITests";
				PRODUCT_NAME = "$(TARGET_NAME)";
				SWIFT_EMIT_LOC_STRINGS = NO;
				SWIFT_VERSION = 5.0;
				TARGETED_DEVICE_FAMILY = "1,2";
				TEST_TARGET_NAME = ai_parent;
			};
			name = Release;
		};
/* End XCBuildConfiguration section */

/* Begin XCConfigurationList section */
		9128D64E2AFF34110006FB22 /* Build configuration list for PBXProject "ai_parent" */ = {
			isa = XCConfigurationList;
			buildConfigurations = (
				9128D67A2AFF34140006FB22 /* Debug */,
				9128D67B2AFF34140006FB22 /* Release */,
			);
			defaultConfigurationIsVisible = 0;
			defaultConfigurationName = Release;
		};
		9128D67C2AFF34140006FB22 /* Build configuration list for PBXNativeTarget "ai_parent" */ = {
			isa = XCConfigurationList;
			buildConfigurations = (
				9128D67D2AFF34140006FB22 /* Debug */,
				9128D67E2AFF34140006FB22 /* Release */,
			);
			defaultConfigurationIsVisible = 0;
			defaultConfigurationName = Release;
		};
		9128D67F2AFF34140006FB22 /* Build configuration list for PBXNativeTarget "ai_parentTests" */ = {
			isa = XCConfigurationList;
			buildConfigurations = (
				9128D6802AFF34140006FB22 /* Debug */,
				9128D6812AFF34140006FB22 /* Release */,
			);
			defaultConfigurationIsVisible = 0;
			defaultConfigurationName = Release;
		};
		9128D6822AFF34140006FB22 /* Build configuration list for PBXNativeTarget "ai_parentUITests" */ = {
			isa = XCConfigurationList;
			buildConfigurations = (
				9128D6832AFF34140006FB22 /* Debug */,
				9128D6842AFF34140006FB22 /* Release */,
			);
			defaultConfigurationIsVisible = 0;
			defaultConfigurationName = Release;
		};
/* End XCConfigurationList section */

/* Begin XCVersionGroup section */
		9128D6612AFF34130006FB22 /* ai_parent.xcdatamodeld */ = {
			isa = XCVersionGroup;
			children = (
				9128D6622AFF34130006FB22 /* ai_parent.xcdatamodel */,
			);
			currentVersion = 9128D6622AFF34130006FB22 /* ai_parent.xcdatamodel */;
			path = ai_parent.xcdatamodeld;
			sourceTree = "<group>";
			versionGroupType = wrapper.xcdatamodel;
		};
/* End XCVersionGroup section */
	};
	rootObject = 9128D64B2AFF34110006FB22 /* Project object */;
}
